
Microsoft Visual Studio Solution File, Format Version 12.00
# Visual Studio Version 16
VisualStudioVersion = 16.0.29926.136
MinimumVisualStudioVersion = 10.0.40219.1
Project("{9A19103F-16F7-4668-BE54-9A1E7A4F7556}") = "Apache.Arrow", "src\Apache.Arrow\Apache.Arrow.csproj", "{BA6B2B0D-EAAE-4183-8A39-1B9CF571F71F}"
EndProject
Project("{9A19103F-16F7-4668-BE54-9A1E7A4F7556}") = "Apache.Arrow.Tests", "test\Apache.Arrow.Tests\Apache.Arrow.Tests.csproj", "{9CCEC01B-E67A-4726-BE72-7B514F76163F}"
EndProject
Project("{9A19103F-16F7-4668-BE54-9A1E7A4F7556}") = "Apache.Arrow.Benchmarks", "test\Apache.Arrow.Benchmarks\Apache.Arrow.Benchmarks.csproj", "{742DF47D-77C5-4B84-9E0C-69645F1161EA}"
EndProject
Project("{9A19103F-16F7-4668-BE54-9A1E7A4F7556}") = "Apache.Arrow.Flight.Tests", "test\Apache.Arrow.Flight.Tests\Apache.Arrow.Flight.Tests.csproj", "{D6443535-3740-4F6C-8001-F90EDAF4CF0C}"
EndProject
Project("{9A19103F-16F7-4668-BE54-9A1E7A4F7556}") = "Apache.Arrow.Flight.TestWeb", "test\Apache.Arrow.Flight.TestWeb\Apache.Arrow.Flight.TestWeb.csproj", "{058F9CFA-2A13-43B8-87D9-E69F63F9EFF0}"
EndProject
Project("{9A19103F-16F7-4668-BE54-9A1E7A4F7556}") = "Apache.Arrow.Flight", "src\Apache.Arrow.Flight\Apache.Arrow.Flight.csproj", "{2490AA1E-DDA4-4069-B065-79A4897B0582}"
EndProject
Project("{9A19103F-16F7-4668-BE54-9A1E7A4F7556}") = "Apache.Arrow.Flight.AspNetCore", "src\Apache.Arrow.Flight.AspNetCore\Apache.Arrow.Flight.AspNetCore.csproj", "{E4F74938-E8FF-4AC1-A495-FEE95FC1EFDF}"
EndProject
Project("{9A19103F-16F7-4668-BE54-9A1E7A4F7556}") = "Apache.Arrow.IntegrationTest", "test\Apache.Arrow.IntegrationTest\Apache.Arrow.IntegrationTest.csproj", "{E8264B7F-B680-4A55-939B-85DB628164BB}"
EndProject
Project("{9A19103F-16F7-4668-BE54-9A1E7A4F7556}") = "Apache.Arrow.Compression", "src\Apache.Arrow.Compression\Apache.Arrow.Compression.csproj", "{B62E77D2-D0B0-4C0C-BA78-1C117DE4C299}"
EndProject
Project("{9A19103F-16F7-4668-BE54-9A1E7A4F7556}") = "Apache.Arrow.Compression.Tests", "test\Apache.Arrow.Compression.Tests\Apache.Arrow.Compression.Tests.csproj", "{5D7FF380-B7DF-4752-B415-7C08C70C9F06}"
EndProject
Global
	GlobalSection(SolutionConfigurationPlatforms) = preSolution
		Debug|Any CPU = Debug|Any CPU
		Release|Any CPU = Release|Any CPU
	EndGlobalSection
	GlobalSection(ProjectConfigurationPlatforms) = postSolution
		{BA6B2B0D-EAAE-4183-8A39-1B9CF571F71F}.Debug|Any CPU.ActiveCfg = Debug|Any CPU
		{BA6B2B0D-EAAE-4183-8A39-1B9CF571F71F}.Debug|Any CPU.Build.0 = Debug|Any CPU
		{BA6B2B0D-EAAE-4183-8A39-1B9CF571F71F}.Release|Any CPU.ActiveCfg = Release|Any CPU
		{BA6B2B0D-EAAE-4183-8A39-1B9CF571F71F}.Release|Any CPU.Build.0 = Release|Any CPU
		{9CCEC01B-E67A-4726-BE72-7B514F76163F}.Debug|Any CPU.ActiveCfg = Debug|Any CPU
		{9CCEC01B-E67A-4726-BE72-7B514F76163F}.Debug|Any CPU.Build.0 = Debug|Any CPU
		{9CCEC01B-E67A-4726-BE72-7B514F76163F}.Release|Any CPU.ActiveCfg = Release|Any CPU
		{9CCEC01B-E67A-4726-BE72-7B514F76163F}.Release|Any CPU.Build.0 = Release|Any CPU
		{742DF47D-77C5-4B84-9E0C-69645F1161EA}.Debug|Any CPU.ActiveCfg = Debug|Any CPU
		{742DF47D-77C5-4B84-9E0C-69645F1161EA}.Debug|Any CPU.Build.0 = Debug|Any CPU
		{742DF47D-77C5-4B84-9E0C-69645F1161EA}.Release|Any CPU.ActiveCfg = Release|Any CPU
		{742DF47D-77C5-4B84-9E0C-69645F1161EA}.Release|Any CPU.Build.0 = Release|Any CPU
		{D6443535-3740-4F6C-8001-F90EDAF4CF0C}.Debug|Any CPU.ActiveCfg = Debug|Any CPU
		{D6443535-3740-4F6C-8001-F90EDAF4CF0C}.Debug|Any CPU.Build.0 = Debug|Any CPU
		{D6443535-3740-4F6C-8001-F90EDAF4CF0C}.Release|Any CPU.ActiveCfg = Release|Any CPU
		{D6443535-3740-4F6C-8001-F90EDAF4CF0C}.Release|Any CPU.Build.0 = Release|Any CPU
		{058F9CFA-2A13-43B8-87D9-E69F63F9EFF0}.Debug|Any CPU.ActiveCfg = Debug|Any CPU
		{058F9CFA-2A13-43B8-87D9-E69F63F9EFF0}.Debug|Any CPU.Build.0 = Debug|Any CPU
		{058F9CFA-2A13-43B8-87D9-E69F63F9EFF0}.Release|Any CPU.ActiveCfg = Release|Any CPU
		{058F9CFA-2A13-43B8-87D9-E69F63F9EFF0}.Release|Any CPU.Build.0 = Release|Any CPU
		{2490AA1E-DDA4-4069-B065-79A4897B0582}.Debug|Any CPU.ActiveCfg = Debug|Any CPU
		{2490AA1E-DDA4-4069-B065-79A4897B0582}.Debug|Any CPU.Build.0 = Debug|Any CPU
		{2490AA1E-DDA4-4069-B065-79A4897B0582}.Release|Any CPU.ActiveCfg = Release|Any CPU
		{2490AA1E-DDA4-4069-B065-79A4897B0582}.Release|Any CPU.Build.0 = Release|Any CPU
		{E4F74938-E8FF-4AC1-A495-FEE95FC1EFDF}.Debug|Any CPU.ActiveCfg = Debug|Any CPU
		{E4F74938-E8FF-4AC1-A495-FEE95FC1EFDF}.Debug|Any CPU.Build.0 = Debug|Any CPU
		{E4F74938-E8FF-4AC1-A495-FEE95FC1EFDF}.Release|Any CPU.ActiveCfg = Release|Any CPU
		{E4F74938-E8FF-4AC1-A495-FEE95FC1EFDF}.Release|Any CPU.Build.0 = Release|Any CPU
		{E8264B7F-B680-4A55-939B-85DB628164BB}.Debug|Any CPU.ActiveCfg = Debug|Any CPU
		{E8264B7F-B680-4A55-939B-85DB628164BB}.Debug|Any CPU.Build.0 = Debug|Any CPU
		{E8264B7F-B680-4A55-939B-85DB628164BB}.Release|Any CPU.ActiveCfg = Release|Any CPU
		{E8264B7F-B680-4A55-939B-85DB628164BB}.Release|Any CPU.Build.0 = Release|Any CPU
		{B62E77D2-D0B0-4C0C-BA78-1C117DE4C299}.Debug|Any CPU.ActiveCfg = Debug|Any CPU
		{B62E77D2-D0B0-4C0C-BA78-1C117DE4C299}.Debug|Any CPU.Build.0 = Debug|Any CPU
		{B62E77D2-D0B0-4C0C-BA78-1C117DE4C299}.Release|Any CPU.ActiveCfg = Release|Any CPU
		{B62E77D2-D0B0-4C0C-BA78-1C117DE4C299}.Release|Any CPU.Build.0 = Release|Any CPU
		{5D7FF380-B7DF-4752-B415-7C08C70C9F06}.Debug|Any CPU.ActiveCfg = Debug|Any CPU
		{5D7FF380-B7DF-4752-B415-7C08C70C9F06}.Debug|Any CPU.Build.0 = Debug|Any CPU
		{5D7FF380-B7DF-4752-B415-7C08C70C9F06}.Release|Any CPU.ActiveCfg = Release|Any CPU
		{5D7FF380-B7DF-4752-B415-7C08C70C9F06}.Release|Any CPU.Build.0 = Release|Any CPU
	EndGlobalSection
	GlobalSection(SolutionProperties) = preSolution
		HideSolutionNode = FALSE
	EndGlobalSection
	GlobalSection(ExtensibilityGlobals) = postSolution
		SolutionGuid = {FD0BB617-6031-4844-B99D-B331E335B572}
	EndGlobalSection
EndGlobal
