
Microsoft Visual Studio Solution File, Format Version 12.00
# Visual Studio 15
VisualStudioVersion = 15.0.28307.357
MinimumVisualStudioVersion = 10.0.40219.1
Project("{9A19103F-16F7-4668-BE54-9A1E7A4F7556}") = "Apache.Arrow", "src\Apache.Arrow\Apache.Arrow.csproj", "{BA6B2B0D-EAAE-4183-8A39-1B9CF571F71F}"
EndProject
Project("{9A19103F-16F7-4668-BE54-9A1E7A4F7556}") = "Apache.Arrow.Tests", "test\Apache.Arrow.Tests\Apache.Arrow.Tests.csproj", "{9CCEC01B-E67A-4726-BE72-7B514F76163F}"
EndProject
Global
	GlobalSection(SolutionConfigurationPlatforms) = preSolution
		Debug|Any CPU = Debug|Any CPU
		Release|Any CPU = Release|Any CPU
	EndGlobalSection
	GlobalSection(ProjectConfigurationPlatforms) = postSolution
		{BA6B2B0D-EAAE-4183-8A39-1B9CF571F71F}.Debug|Any CPU.ActiveCfg = Debug|Any CPU
		{BA6B2B0D-EAAE-4183-8A39-1B9CF571F71F}.Debug|Any CPU.Build.0 = Debug|Any CPU
		{BA6B2B0D-EAAE-4183-8A39-1B9CF571F71F}.Release|Any CPU.ActiveCfg = Release|Any CPU
		{BA6B2B0D-EAAE-4183-8A39-1B9CF571F71F}.Release|Any CPU.Build.0 = Release|Any CPU
		{9CCEC01B-E67A-4726-BE72-7B514F76163F}.Debug|Any CPU.ActiveCfg = Debug|Any CPU
		{9CCEC01B-E67A-4726-BE72-7B514F76163F}.Debug|Any CPU.Build.0 = Debug|Any CPU
		{9CCEC01B-E67A-4726-BE72-7B514F76163F}.Release|Any CPU.ActiveCfg = Release|Any CPU
		{9CCEC01B-E67A-4726-BE72-7B514F76163F}.Release|Any CPU.Build.0 = Release|Any CPU
	EndGlobalSection
	GlobalSection(SolutionProperties) = preSolution
		HideSolutionNode = FALSE
	EndGlobalSection
	GlobalSection(ExtensibilityGlobals) = postSolution
		SolutionGuid = {FD0BB617-6031-4844-B99D-B331E335B572}
	EndGlobalSection
EndGlobal
