
Microsoft Visual Studio Solution File, Format Version 12.00
# Visual Studio Version 17
VisualStudioVersion = 17.12.35707.178 d17.12
MinimumVisualStudioVersion = 10.0.40219.1
Project("{9A19103F-16F7-4668-BE54-9A1E7A4F7556}") = "FluentBuilderExample", "FluentBuilderExample\FluentBuilderExample.csproj", "{ECE22119-D91D-44F7-9575-85B98F946289}"
EndProject
Project("{9A19103F-16F7-4668-BE54-9A1E7A4F7556}") = "Apache.Arrow", "..\src\Apache.Arrow\Apache.Arrow.csproj", "{1FE1DE95-FF6E-4895-82E7-909713C53524}"
EndProject
Project("{FAE04EC0-301F-11D3-BF4B-00C04F79EFBC}") = "FlightAspServerExample", "FlightAspServerExample\FlightAspServerExample.csproj", "{16FF9B95-1E65-4285-9A78-463A71823D3C}"
EndProject
Project("{FAE04EC0-301F-11D3-BF4B-00C04F79EFBC}") = "FlightClientExample", "FlightClientExample\FlightClientExample.csproj", "{8D19CF7A-3DAB-41D0-94B1-20892C4EACB8}"
EndProject
Project("{FAE04EC0-301F-11D3-BF4B-00C04F79EFBC}") = "Apache.Arrow.Flight", "..\src\Apache.Arrow.Flight\Apache.Arrow.Flight.csproj", "{9D5029EC-CFF6-4A0C-A03D-CC534A54C6BB}"
EndProject
Project("{FAE04EC0-301F-11D3-BF4B-00C04F79EFBC}") = "Apache.Arrow.Flight.AspNetCore", "..\src\Apache.Arrow.Flight.AspNetCore\Apache.Arrow.Flight.AspNetCore.csproj", "{6F2FA3F3-1B33-4742-99C2-B728CBD27861}"
EndProject
Global
	GlobalSection(SolutionConfigurationPlatforms) = preSolution
		Debug|Any CPU = Debug|Any CPU
		Release|Any CPU = Release|Any CPU
	EndGlobalSection
	GlobalSection(ProjectConfigurationPlatforms) = postSolution
		{ECE22119-D91D-44F7-9575-85B98F946289}.Debug|Any CPU.ActiveCfg = Debug|Any CPU
		{ECE22119-D91D-44F7-9575-85B98F946289}.Debug|Any CPU.Build.0 = Debug|Any CPU
		{ECE22119-D91D-44F7-9575-85B98F946289}.Release|Any CPU.ActiveCfg = Release|Any CPU
		{ECE22119-D91D-44F7-9575-85B98F946289}.Release|Any CPU.Build.0 = Release|Any CPU
		{1FE1DE95-FF6E-4895-82E7-909713C53524}.Debug|Any CPU.ActiveCfg = Debug|Any CPU
		{1FE1DE95-FF6E-4895-82E7-909713C53524}.Debug|Any CPU.Build.0 = Debug|Any CPU
		{1FE1DE95-FF6E-4895-82E7-909713C53524}.Release|Any CPU.ActiveCfg = Release|Any CPU
		{1FE1DE95-FF6E-4895-82E7-909713C53524}.Release|Any CPU.Build.0 = Release|Any CPU
		{16FF9B95-1E65-4285-9A78-463A71823D3C}.Debug|Any CPU.ActiveCfg = Debug|Any CPU
		{16FF9B95-1E65-4285-9A78-463A71823D3C}.Debug|Any CPU.Build.0 = Debug|Any CPU
		{16FF9B95-1E65-4285-9A78-463A71823D3C}.Release|Any CPU.ActiveCfg = Release|Any CPU
		{16FF9B95-1E65-4285-9A78-463A71823D3C}.Release|Any CPU.Build.0 = Release|Any CPU
		{8D19CF7A-3DAB-41D0-94B1-20892C4EACB8}.Debug|Any CPU.ActiveCfg = Debug|Any CPU
		{8D19CF7A-3DAB-41D0-94B1-20892C4EACB8}.Debug|Any CPU.Build.0 = Debug|Any CPU
		{8D19CF7A-3DAB-41D0-94B1-20892C4EACB8}.Release|Any CPU.ActiveCfg = Release|Any CPU
		{8D19CF7A-3DAB-41D0-94B1-20892C4EACB8}.Release|Any CPU.Build.0 = Release|Any CPU
		{9D5029EC-CFF6-4A0C-A03D-CC534A54C6BB}.Debug|Any CPU.ActiveCfg = Debug|Any CPU
		{9D5029EC-CFF6-4A0C-A03D-CC534A54C6BB}.Debug|Any CPU.Build.0 = Debug|Any CPU
		{9D5029EC-CFF6-4A0C-A03D-CC534A54C6BB}.Release|Any CPU.ActiveCfg = Release|Any CPU
		{9D5029EC-CFF6-4A0C-A03D-CC534A54C6BB}.Release|Any CPU.Build.0 = Release|Any CPU
		{6F2FA3F3-1B33-4742-99C2-B728CBD27861}.Debug|Any CPU.ActiveCfg = Debug|Any CPU
		{6F2FA3F3-1B33-4742-99C2-B728CBD27861}.Debug|Any CPU.Build.0 = Debug|Any CPU
		{6F2FA3F3-1B33-4742-99C2-B728CBD27861}.Release|Any CPU.ActiveCfg = Release|Any CPU
		{6F2FA3F3-1B33-4742-99C2-B728CBD27861}.Release|Any CPU.Build.0 = Release|Any CPU
	EndGlobalSection
	GlobalSection(SolutionProperties) = preSolution
		HideSolutionNode = FALSE
	EndGlobalSection
	GlobalSection(ExtensibilityGlobals) = postSolution
		SolutionGuid = {C22A81AD-8B64-4D7C-97AC-49E9F118AE78}
	EndGlobalSection
EndGlobal
